
Microsoft Visual Studio Solution File, Format Version 12.00
# Visual Studio Version 17
VisualStudioVersion = 17.7.34031.279
MinimumVisualStudioVersion = 10.0.40219.1
Project("{FAE04EC0-301F-11D3-BF4B-00C04F79EFBC}") = "LPR1", "LPR1.csproj", "{41C4C1AB-B48F-4F15-94A7-D334009F5BCD}"
EndProject
Global
	GlobalSection(SolutionConfigurationPlatforms) = preSolution
		Debug|Any CPU = Debug|Any CPU
		Release|Any CPU = Release|Any CPU
	EndGlobalSection
	GlobalSection(ProjectConfigurationPlatforms) = postSolution
		{41C4C1AB-B48F-4F15-94A7-D334009F5BCD}.Debug|Any CPU.ActiveCfg = Debug|Any CPU
		{41C4C1AB-B48F-4F15-94A7-D334009F5BCD}.Debug|Any CPU.Build.0 = Debug|Any CPU
		{41C4C1AB-B48F-4F15-94A7-D334009F5BCD}.Release|Any CPU.ActiveCfg = Release|Any CPU
		{41C4C1AB-B48F-4F15-94A7-D334009F5BCD}.Release|Any CPU.Build.0 = Release|Any CPU
	EndGlobalSection
	GlobalSection(SolutionProperties) = preSolution
		HideSolutionNode = FALSE
	EndGlobalSection
	GlobalSection(ExtensibilityGlobals) = postSolution
		SolutionGuid = {18C1599B-145A-4370-92CE-7B40C800DC70}
	EndGlobalSection
EndGlobal
